
Microsoft Visual Studio Solution File, Format Version 11.00
# Visual Studio 2010
Project("{FAE04EC0-301F-11D3-BF4B-00C04F79EFBC}") = "Axios_Windows", "axios\Axios_Windows.csproj", "{742C938F-997D-4EFD-95D2-BB09CDADCD2E}"
EndProject
Project("{FAE04EC0-301F-11D3-BF4B-00C04F79EFBC}") = "Axios_Xbox_360", "axios\Axios_Xbox_360.csproj", "{B5664516-72B7-4BA3-9F72-25CAA90867D8}"
EndProject
Project("{FAE04EC0-301F-11D3-BF4B-00C04F79EFBC}") = "Axios_WP7", "axios\Axios_WP7.csproj", "{C09D9005-76AC-4F1A-9479-2787BB3DB158}"
EndProject
Global
	GlobalSection(SolutionConfigurationPlatforms) = preSolution
		Debug|Any CPU = Debug|Any CPU
		Debug|Mixed Platforms = Debug|Mixed Platforms
		Debug|Windows Phone = Debug|Windows Phone
		Debug|x86 = Debug|x86
		Debug|Xbox 360 = Debug|Xbox 360
		Release|Any CPU = Release|Any CPU
		Release|Mixed Platforms = Release|Mixed Platforms
		Release|Windows Phone = Release|Windows Phone
		Release|x86 = Release|x86
		Release|Xbox 360 = Release|Xbox 360
	EndGlobalSection
	GlobalSection(ProjectConfigurationPlatforms) = postSolution
		{742C938F-997D-4EFD-95D2-BB09CDADCD2E}.Debug|Any CPU.ActiveCfg = Debug|x86
		{742C938F-997D-4EFD-95D2-BB09CDADCD2E}.Debug|Mixed Platforms.ActiveCfg = Debug|x86
		{742C938F-997D-4EFD-95D2-BB09CDADCD2E}.Debug|Mixed Platforms.Build.0 = Debug|x86
		{742C938F-997D-4EFD-95D2-BB09CDADCD2E}.Debug|Windows Phone.ActiveCfg = Debug|x86
		{742C938F-997D-4EFD-95D2-BB09CDADCD2E}.Debug|Windows Phone.Build.0 = Debug|x86
		{742C938F-997D-4EFD-95D2-BB09CDADCD2E}.Debug|x86.ActiveCfg = Debug|x86
		{742C938F-997D-4EFD-95D2-BB09CDADCD2E}.Debug|x86.Build.0 = Debug|x86
		{742C938F-997D-4EFD-95D2-BB09CDADCD2E}.Debug|Xbox 360.ActiveCfg = Debug|x86
		{742C938F-997D-4EFD-95D2-BB09CDADCD2E}.Debug|Xbox 360.Build.0 = Debug|x86
		{742C938F-997D-4EFD-95D2-BB09CDADCD2E}.Release|Any CPU.ActiveCfg = Release|x86
		{742C938F-997D-4EFD-95D2-BB09CDADCD2E}.Release|Mixed Platforms.ActiveCfg = Release|x86
		{742C938F-997D-4EFD-95D2-BB09CDADCD2E}.Release|Mixed Platforms.Build.0 = Release|x86
		{742C938F-997D-4EFD-95D2-BB09CDADCD2E}.Release|Windows Phone.ActiveCfg = Release|x86
		{742C938F-997D-4EFD-95D2-BB09CDADCD2E}.Release|Windows Phone.Build.0 = Release|x86
		{742C938F-997D-4EFD-95D2-BB09CDADCD2E}.Release|x86.ActiveCfg = Release|x86
		{742C938F-997D-4EFD-95D2-BB09CDADCD2E}.Release|x86.Build.0 = Release|x86
		{742C938F-997D-4EFD-95D2-BB09CDADCD2E}.Release|Xbox 360.ActiveCfg = Release|x86
		{742C938F-997D-4EFD-95D2-BB09CDADCD2E}.Release|Xbox 360.Build.0 = Release|x86
		{B5664516-72B7-4BA3-9F72-25CAA90867D8}.Debug|Any CPU.ActiveCfg = Debug|Xbox 360
		{B5664516-72B7-4BA3-9F72-25CAA90867D8}.Debug|Mixed Platforms.ActiveCfg = Debug|Xbox 360
		{B5664516-72B7-4BA3-9F72-25CAA90867D8}.Debug|Mixed Platforms.Build.0 = Debug|Xbox 360
		{B5664516-72B7-4BA3-9F72-25CAA90867D8}.Debug|Windows Phone.ActiveCfg = Debug|Xbox 360
		{B5664516-72B7-4BA3-9F72-25CAA90867D8}.Debug|Windows Phone.Build.0 = Debug|Xbox 360
		{B5664516-72B7-4BA3-9F72-25CAA90867D8}.Debug|x86.ActiveCfg = Debug|Xbox 360
		{B5664516-72B7-4BA3-9F72-25CAA90867D8}.Debug|Xbox 360.ActiveCfg = Debug|Xbox 360
		{B5664516-72B7-4BA3-9F72-25CAA90867D8}.Debug|Xbox 360.Build.0 = Debug|Xbox 360
		{B5664516-72B7-4BA3-9F72-25CAA90867D8}.Release|Any CPU.ActiveCfg = Release|Xbox 360
		{B5664516-72B7-4BA3-9F72-25CAA90867D8}.Release|Mixed Platforms.ActiveCfg = Release|Xbox 360
		{B5664516-72B7-4BA3-9F72-25CAA90867D8}.Release|Mixed Platforms.Build.0 = Release|Xbox 360
		{B5664516-72B7-4BA3-9F72-25CAA90867D8}.Release|Windows Phone.ActiveCfg = Release|Xbox 360
		{B5664516-72B7-4BA3-9F72-25CAA90867D8}.Release|Windows Phone.Build.0 = Release|Xbox 360
		{B5664516-72B7-4BA3-9F72-25CAA90867D8}.Release|x86.ActiveCfg = Release|Xbox 360
		{B5664516-72B7-4BA3-9F72-25CAA90867D8}.Release|Xbox 360.ActiveCfg = Release|Xbox 360
		{B5664516-72B7-4BA3-9F72-25CAA90867D8}.Release|Xbox 360.Build.0 = Release|Xbox 360
		{C09D9005-76AC-4F1A-9479-2787BB3DB158}.Debug|Any CPU.ActiveCfg = Debug|Windows Phone
		{C09D9005-76AC-4F1A-9479-2787BB3DB158}.Debug|Mixed Platforms.ActiveCfg = Debug|Windows Phone
		{C09D9005-76AC-4F1A-9479-2787BB3DB158}.Debug|Mixed Platforms.Build.0 = Debug|Windows Phone
		{C09D9005-76AC-4F1A-9479-2787BB3DB158}.Debug|Windows Phone.ActiveCfg = Debug|Windows Phone
		{C09D9005-76AC-4F1A-9479-2787BB3DB158}.Debug|Windows Phone.Build.0 = Debug|Windows Phone
		{C09D9005-76AC-4F1A-9479-2787BB3DB158}.Debug|x86.ActiveCfg = Debug|Windows Phone
		{C09D9005-76AC-4F1A-9479-2787BB3DB158}.Debug|Xbox 360.ActiveCfg = Debug|Windows Phone
		{C09D9005-76AC-4F1A-9479-2787BB3DB158}.Release|Any CPU.ActiveCfg = Release|Windows Phone
		{C09D9005-76AC-4F1A-9479-2787BB3DB158}.Release|Mixed Platforms.ActiveCfg = Release|Windows Phone
		{C09D9005-76AC-4F1A-9479-2787BB3DB158}.Release|Mixed Platforms.Build.0 = Release|Windows Phone
		{C09D9005-76AC-4F1A-9479-2787BB3DB158}.Release|Windows Phone.ActiveCfg = Release|Windows Phone
		{C09D9005-76AC-4F1A-9479-2787BB3DB158}.Release|Windows Phone.Build.0 = Release|Windows Phone
		{C09D9005-76AC-4F1A-9479-2787BB3DB158}.Release|x86.ActiveCfg = Release|Windows Phone
		{C09D9005-76AC-4F1A-9479-2787BB3DB158}.Release|Xbox 360.ActiveCfg = Release|Windows Phone
	EndGlobalSection
	GlobalSection(SolutionProperties) = preSolution
		HideSolutionNode = FALSE
	EndGlobalSection
EndGlobal
